
Microsoft Visual Studio Solution File, Format Version 12.00
# Visual Studio Version 16
VisualStudioVersion = 16.0.28917.182
MinimumVisualStudioVersion = 10.0.40219.1
Project("{8BC9CEB8-8B4A-11D0-8D11-00A0C91BC942}") = "RegEditX", "RegEditX\RegEditX.vcxproj", "{23095DA9-081D-48B3-8899-250063693DDC}"
EndProject
Project("{8BC9CEB8-8B4A-11D0-8D11-00A0C91BC942}") = "HexEditCtrl", "HexEditCtrl\HexEditCtrl.vcxproj", "{87E6D4B0-2BE8-4DFF-A306-46517C8264CF}"
EndProject
Global
	GlobalSection(SolutionConfigurationPlatforms) = preSolution
		Debug|x64 = Debug|x64
		Debug|x86 = Debug|x86
		Release|x64 = Release|x64
		Release|x86 = Release|x86
	EndGlobalSection
	GlobalSection(ProjectConfigurationPlatforms) = postSolution
		{23095DA9-081D-48B3-8899-250063693DDC}.Debug|x64.ActiveCfg = Debug|x64
		{23095DA9-081D-48B3-8899-250063693DDC}.Debug|x64.Build.0 = Debug|x64
		{23095DA9-081D-48B3-8899-250063693DDC}.Debug|x86.ActiveCfg = Debug|Win32
		{23095DA9-081D-48B3-8899-250063693DDC}.Debug|x86.Build.0 = Debug|Win32
		{23095DA9-081D-48B3-8899-250063693DDC}.Release|x64.ActiveCfg = Release|x64
		{23095DA9-081D-48B3-8899-250063693DDC}.Release|x64.Build.0 = Release|x64
		{23095DA9-081D-48B3-8899-250063693DDC}.Release|x86.ActiveCfg = Release|Win32
		{23095DA9-081D-48B3-8899-250063693DDC}.Release|x86.Build.0 = Release|Win32
		{87E6D4B0-2BE8-4DFF-A306-46517C8264CF}.Debug|x64.ActiveCfg = Debug|x64
		{87E6D4B0-2BE8-4DFF-A306-46517C8264CF}.Debug|x64.Build.0 = Debug|x64
		{87E6D4B0-2BE8-4DFF-A306-46517C8264CF}.Debug|x86.ActiveCfg = Debug|Win32
		{87E6D4B0-2BE8-4DFF-A306-46517C8264CF}.Debug|x86.Build.0 = Debug|Win32
		{87E6D4B0-2BE8-4DFF-A306-46517C8264CF}.Release|x64.ActiveCfg = Release|x64
		{87E6D4B0-2BE8-4DFF-A306-46517C8264CF}.Release|x64.Build.0 = Release|x64
		{87E6D4B0-2BE8-4DFF-A306-46517C8264CF}.Release|x86.ActiveCfg = Release|Win32
		{87E6D4B0-2BE8-4DFF-A306-46517C8264CF}.Release|x86.Build.0 = Release|Win32
	EndGlobalSection
	GlobalSection(SolutionProperties) = preSolution
		HideSolutionNode = FALSE
	EndGlobalSection
	GlobalSection(ExtensibilityGlobals) = postSolution
		SolutionGuid = {12D63C9C-D492-44EF-A661-982BF37FB691}
	EndGlobalSection
EndGlobal
