<?xml version="1.0" encoding="utf-8"?>
<Project ToolsVersion="4.0" xmlns="http://schemas.microsoft.com/developer/msbuild/2003">
  <ItemGroup>
    <Filter Include="Source Files">
      <UniqueIdentifier>{f3b0147d-d368-440f-93ce-4a2c02b26fd4}</UniqueIdentifier>
      <Extensions>cpp;c;cxx;def;odl;idl;hpj;bat;asm</Extensions>
    </Filter>
    <Filter Include="Header Files">
      <UniqueIdentifier>{219ed23b-3146-4970-87fb-97b1b328bd4d}</UniqueIdentifier>
      <Extensions>h;hpp;hxx;hm;inl;inc</Extensions>
    </Filter>
    <Filter Include="Resource Files">
      <UniqueIdentifier>{08b8ecab-df17-4576-8602-e9944bff8fe7}</UniqueIdentifier>
      <Extensions>rc;ico;cur;bmp;dlg;rc2;rct;bin;rgs;jpg;jpeg;jpe;manifest</Extensions>
    </Filter>
    <Filter Include="Commands">
      <UniqueIdentifier>{d644059d-f705-47bf-9068-526bfb11664d}</UniqueIdentifier>
    </Filter>
    <Filter Include="Details">
      <UniqueIdentifier>{3ad0206e-3808-4133-ae2a-9c066664d2e3}</UniqueIdentifier>
    </Filter>
    <Filter Include="Dialogs">
      <UniqueIdentifier>{87872ab2-ccc4-4141-85a2-c9df3b335869}</UniqueIdentifier>
    </Filter>
  </ItemGroup>
  <ItemGroup>
    <ClCompile Include="stdafx.cpp">
      <Filter>Source Files</Filter>
    </ClCompile>
    <ClCompile Include="RegEditX.cpp">
      <Filter>Source Files</Filter>
    </ClCompile>
    <ClCompile Include="MainFrm.cpp">
      <Filter>Source Files</Filter>
    </ClCompile>
    <ClCompile Include="View.cpp">
      <Filter>Source Files</Filter>
    </ClCompile>
    <ClCompile Include="RegistryManager.cpp">
      <Filter>Source Files</Filter>
    </ClCompile>
    <ClCompile Include="TreeNodes.cpp">
      <Filter>Source Files</Filter>
    </ClCompile>
    <ClCompile Include="CommandManager.cpp">
      <Filter>Source Files</Filter>
    </ClCompile>
    <ClCompile Include="CreateNewKeyCommand.cpp">
      <Filter>Commands</Filter>
    </ClCompile>
    <ClCompile Include="TreeNode.cpp">
      <Filter>Source Files</Filter>
    </ClCompile>
    <ClCompile Include="AppCommandBase.cpp">
      <Filter>Source Files</Filter>
    </ClCompile>
    <ClCompile Include="RenameKeyCommand.cpp">
      <Filter>Commands</Filter>
    </ClCompile>
    <ClCompile Include="NewKeyDlg.cpp">
      <Filter>Source Files</Filter>
    </ClCompile>
    <ClCompile Include="ServiceDetailsProvider.cpp">
      <Filter>Details</Filter>
    </ClCompile>
    <ClCompile Include="RegHelper.cpp">
      <Filter>Source Files</Filter>
    </ClCompile>
    <ClCompile Include="AboutDlg.cpp">
      <Filter>Dialogs</Filter>
    </ClCompile>
    <ClCompile Include="IntValueDlg.cpp">
      <Filter>Source Files</Filter>
    </ClCompile>
  </ItemGroup>
  <ItemGroup>
    <ClInclude Include="stdafx.h">
      <Filter>Header Files</Filter>
    </ClInclude>
    <ClInclude Include="MainFrm.h">
      <Filter>Header Files</Filter>
    </ClInclude>
    <ClInclude Include="View.h">
      <Filter>Header Files</Filter>
    </ClInclude>
    <ClInclude Include="resource.h">
      <Filter>Header Files</Filter>
    </ClInclude>
    <ClInclude Include="TreeNode.h">
      <Filter>Header Files</Filter>
    </ClInclude>
    <ClInclude Include="RegistryManager.h">
      <Filter>Header Files</Filter>
    </ClInclude>
    <ClInclude Include="TreeNodes.h">
      <Filter>Header Files</Filter>
    </ClInclude>
    <ClInclude Include="Internals.h">
      <Filter>Header Files</Filter>
    </ClInclude>
    <ClInclude Include="ITreeOperations.h">
      <Filter>Header Files</Filter>
    </ClInclude>
    <ClInclude Include="AppCommandBase.h">
      <Filter>Header Files</Filter>
    </ClInclude>
    <ClInclude Include="CommandManager.h">
      <Filter>Header Files</Filter>
    </ClInclude>
    <ClInclude Include="CreateNewKeyCommand.h">
      <Filter>Commands</Filter>
    </ClInclude>
    <ClInclude Include="AppContext.h">
      <Filter>Header Files</Filter>
    </ClInclude>
    <ClInclude Include="RenameKeyCommand.h">
      <Filter>Commands</Filter>
    </ClInclude>
    <ClInclude Include="NewKeyDlg.h">
      <Filter>Header Files</Filter>
    </ClInclude>
    <ClInclude Include="IDetailsProvider.h">
      <Filter>Header Files</Filter>
    </ClInclude>
    <ClInclude Include="ServiceDetailsProvider.h">
      <Filter>Details</Filter>
    </ClInclude>
    <ClInclude Include="RegHelper.h">
      <Filter>Header Files</Filter>
    </ClInclude>
    <ClInclude Include="AboutDlg.h">
      <Filter>Dialogs</Filter>
    </ClInclude>
    <ClInclude Include="IntValueDlg.h">
      <Filter>Header Files</Filter>
    </ClInclude>
  </ItemGroup>
  <ItemGroup>
    <ResourceCompile Include="RegEditX.rc">
      <Filter>Resource Files</Filter>
    </ResourceCompile>
  </ItemGroup>
  <ItemGroup>
    <Image Include="res\toolbar.bmp">
      <Filter>Resource Files</Filter>
    </Image>
    <Image Include="res\RegEditX.ico">
      <Filter>Resource Files</Filter>
    </Image>
    <Image Include="res\folder.ico">
      <Filter>Resource Files</Filter>
    </Image>
    <Image Include="res\folder-open.ico">
      <Filter>Resource Files</Filter>
    </Image>
    <Image Include="res\binary.ico">
      <Filter>Resource Files</Filter>
    </Image>
    <Image Include="res\text.ico">
      <Filter>Resource Files</Filter>
    </Image>
    <Image Include="res\toolbar1.bmp">
      <Filter>Resource Files</Filter>
    </Image>
    <Image Include="res\commandbar.bmp">
      <Filter>Resource Files</Filter>
    </Image>
    <Image Include="res\hive.ico">
      <Filter>Resource Files</Filter>
    </Image>
  </ItemGroup>
  <ItemGroup>
    <None Include="packages.config" />
  </ItemGroup>
</Project>